
Microsoft Visual Studio Solution File, Format Version 12.00
# Visual Studio 15
VisualStudioVersion = 15.0.27004.2009
MinimumVisualStudioVersion = 10.0.40219.1
Project("{F184B08F-C81C-45F6-A57F-5ABD9991F28F}") = "FDate", "FDate.vbproj", "{78CF2C44-8885-4605-9810-23CE4ACED501}"
EndProject
Global
	GlobalSection(SolutionConfigurationPlatforms) = preSolution
		Debug|Any CPU = Debug|Any CPU
		Release|Any CPU = Release|Any CPU
	EndGlobalSection
	GlobalSection(ProjectConfigurationPlatforms) = postSolution
		{78CF2C44-8885-4605-9810-23CE4ACED501}.Debug|Any CPU.ActiveCfg = Debug|Any CPU
		{78CF2C44-8885-4605-9810-23CE4ACED501}.Debug|Any CPU.Build.0 = Debug|Any CPU
		{78CF2C44-8885-4605-9810-23CE4ACED501}.Release|Any CPU.ActiveCfg = Release|Any CPU
		{78CF2C44-8885-4605-9810-23CE4ACED501}.Release|Any CPU.Build.0 = Release|Any CPU
	EndGlobalSection
	GlobalSection(SolutionProperties) = preSolution
		HideSolutionNode = FALSE
	EndGlobalSection
	GlobalSection(ExtensibilityGlobals) = postSolution
		SolutionGuid = {068244F7-DD15-48E5-A696-8C5353958F99}
	EndGlobalSection
EndGlobal
